
Microsoft Visual Studio Solution File, Format Version 12.00
# Visual Studio Version 17
VisualStudioVersion = 17.1.32328.378
MinimumVisualStudioVersion = 10.0.40219.1
Project("{FAE04EC0-301F-11D3-BF4B-00C04F79EFBC}") = "AgendaWPF", "AgendaWPF\AgendaWPF.csproj", "{80C4B68F-BDBF-4F34-A2E6-27F116538AA2}"
EndProject
Global
	GlobalSection(SolutionConfigurationPlatforms) = preSolution
		Debug|Any CPU = Debug|Any CPU
		Release|Any CPU = Release|Any CPU
	EndGlobalSection
	GlobalSection(ProjectConfigurationPlatforms) = postSolution
		{80C4B68F-BDBF-4F34-A2E6-27F116538AA2}.Debug|Any CPU.ActiveCfg = Debug|Any CPU
		{80C4B68F-BDBF-4F34-A2E6-27F116538AA2}.Debug|Any CPU.Build.0 = Debug|Any CPU
		{80C4B68F-BDBF-4F34-A2E6-27F116538AA2}.Release|Any CPU.ActiveCfg = Release|Any CPU
		{80C4B68F-BDBF-4F34-A2E6-27F116538AA2}.Release|Any CPU.Build.0 = Release|Any CPU
	EndGlobalSection
	GlobalSection(SolutionProperties) = preSolution
		HideSolutionNode = FALSE
	EndGlobalSection
	GlobalSection(ExtensibilityGlobals) = postSolution
		SolutionGuid = {A5593155-4FD1-4544-A1EE-BDA920F3FA87}
	EndGlobalSection
EndGlobal
